
Microsoft Visual Studio Solution File, Format Version 12.00
# Visual Studio Version 16
VisualStudioVersion = 16.0.33529.622
MinimumVisualStudioVersion = 10.0.40219.1
Project("{FAE04EC0-301F-11D3-BF4B-00C04F79EFBC}") = "PatronCommand", "PatronCommand\PatronCommand.csproj", "{FACF2D56-BAA3-4214-8097-4B8EB5C85A33}"
EndProject
Global
	GlobalSection(SolutionConfigurationPlatforms) = preSolution
		Debug|Any CPU = Debug|Any CPU
		Release|Any CPU = Release|Any CPU
	EndGlobalSection
	GlobalSection(ProjectConfigurationPlatforms) = postSolution
		{FACF2D56-BAA3-4214-8097-4B8EB5C85A33}.Debug|Any CPU.ActiveCfg = Debug|Any CPU
		{FACF2D56-BAA3-4214-8097-4B8EB5C85A33}.Debug|Any CPU.Build.0 = Debug|Any CPU
		{FACF2D56-BAA3-4214-8097-4B8EB5C85A33}.Release|Any CPU.ActiveCfg = Release|Any CPU
		{FACF2D56-BAA3-4214-8097-4B8EB5C85A33}.Release|Any CPU.Build.0 = Release|Any CPU
	EndGlobalSection
	GlobalSection(SolutionProperties) = preSolution
		HideSolutionNode = FALSE
	EndGlobalSection
	GlobalSection(ExtensibilityGlobals) = postSolution
		SolutionGuid = {EB84166E-18A2-49AC-9F44-343E8F3C76E0}
	EndGlobalSection
EndGlobal
